
Microsoft Visual Studio Solution File, Format Version 12.00
# Visual Studio Version 17
VisualStudioVersion = 17.5.33627.172
MinimumVisualStudioVersion = 10.0.40219.1
Project("{FAE04EC0-301F-11D3-BF4B-00C04F79EFBC}") = "MassiveTask5", "MassiveTask5\MassiveTask5.csproj", "{26C2D3B1-803C-4BA2-A032-B2AC1D186093}"
EndProject
Global
	GlobalSection(SolutionConfigurationPlatforms) = preSolution
		Debug|Any CPU = Debug|Any CPU
		Release|Any CPU = Release|Any CPU
	EndGlobalSection
	GlobalSection(ProjectConfigurationPlatforms) = postSolution
		{26C2D3B1-803C-4BA2-A032-B2AC1D186093}.Debug|Any CPU.ActiveCfg = Debug|Any CPU
		{26C2D3B1-803C-4BA2-A032-B2AC1D186093}.Debug|Any CPU.Build.0 = Debug|Any CPU
		{26C2D3B1-803C-4BA2-A032-B2AC1D186093}.Release|Any CPU.ActiveCfg = Release|Any CPU
		{26C2D3B1-803C-4BA2-A032-B2AC1D186093}.Release|Any CPU.Build.0 = Release|Any CPU
	EndGlobalSection
	GlobalSection(SolutionProperties) = preSolution
		HideSolutionNode = FALSE
	EndGlobalSection
	GlobalSection(ExtensibilityGlobals) = postSolution
		SolutionGuid = {7C1B3CE7-8E42-487B-9AD9-C7024BC7085F}
	EndGlobalSection
EndGlobal
